{
  "name": "theme",
  "version": "0.0.1",
  "lockfileVersion": 3,
  "requires": true,
  "packages": {
    "": {
      "name": "theme",
      "version": "0.0.1",
      "dependencies": {
        "tslib": "^2.3.0"
      },
      "peerDependencies": {
        "@angular/common": "^19.0.0",
        "@angular/core": "^19.0.0",
        "@yunzhi/utils": "0.0.7"
      }
    },
    "node_modules/@angular/common": {
      "version": "19.0.1",
      "resolved": "https://registry.npmjs.org/@angular/common/-/common-19.0.1.tgz",
      "integrity": "sha512-FWAyHlEhPeLHvNLuzSl2rlksK/fVVB5O3soBYOeiKScN1vlAdALbwPDIHhimhNFBV8kmtc144WjkcTxt8MK/4g==",
      "license": "MIT",
      "peer": true,
      "dependencies": {
        "tslib": "^2.3.0"
      },
      "engines": {
        "node": "^18.19.1 || ^20.11.1 || >=22.0.0"
      },
      "peerDependencies": {
        "@angular/core": "19.0.1",
        "rxjs": "^6.5.3 || ^7.4.0"
      }
    },
    "node_modules/@angular/core": {
      "version": "19.0.1",
      "resolved": "https://registry.npmjs.org/@angular/core/-/core-19.0.1.tgz",
      "integrity": "sha512-+VpWcg2aC/dY9TM6fsj00enZ6RP5wpRqk/SeRe3UP3Je/n+vWIgHJTb1ZLNeOIvDaE86BhKPMwFS0QVjoEGQFA==",
      "license": "MIT",
      "peer": true,
      "dependencies": {
        "tslib": "^2.3.0"
      },
      "engines": {
        "node": "^18.19.1 || ^20.11.1 || >=22.0.0"
      },
      "peerDependencies": {
        "rxjs": "^6.5.3 || ^7.4.0",
        "zone.js": "~0.15.0"
      }
    },
    "node_modules/@yunzhi/utils": {
      "version": "0.0.7",
      "resolved": "https://registry.npmjs.org/@yunzhi/utils/-/utils-0.0.7.tgz",
      "integrity": "sha512-Clyd3b+aPWuJPD40qK6EM+w7Q2gAQ2XVA9RLEiVX2ZhkmfisslFApIVrfHbjj9v4QFlVbB8hCozu4Cq63CI/FA==",
      "license": "MIT",
      "peer": true,
      "dependencies": {
        "sweetalert2": "^11.0.19"
      }
    },
    "node_modules/rxjs": {
      "version": "7.8.1",
      "resolved": "https://registry.npmjs.org/rxjs/-/rxjs-7.8.1.tgz",
      "integrity": "sha512-AA3TVj+0A2iuIoQkWEK/tqFjBq2j+6PO6Y0zJcvzLAFhEFIO3HL0vls9hWLncZbAAbK0mar7oZ4V079I/qPMxg==",
      "license": "Apache-2.0",
      "peer": true,
      "dependencies": {
        "tslib": "^2.1.0"
      }
    },
    "node_modules/sweetalert2": {
      "version": "11.14.5",
      "resolved": "https://registry.npmjs.org/sweetalert2/-/sweetalert2-11.14.5.tgz",
      "integrity": "sha512-8MWk5uc/r6bWhiJWkUXyEuApfXAhSCZT8FFX7pZXL7YwaPxq+9Ynhi2dUzWkOFn9jvLjKj22CXuccZ+IHcnjvQ==",
      "license": "MIT",
      "peer": true,
      "funding": {
        "type": "individual",
        "url": "https://github.com/sponsors/limonte"
      }
    },
    "node_modules/tslib": {
      "version": "2.8.1",
      "resolved": "https://registry.npmjs.org/tslib/-/tslib-2.8.1.tgz",
      "integrity": "sha512-oJFu94HQb+KVduSUQL7wnpmqnfmLsOA/nAh6b6EH0wCEoK0/mPeXU6c3wKDV83MkOuHPRHtSXKKU99IBazS/2w==",
      "license": "0BSD"
    },
    "node_modules/zone.js": {
      "version": "0.15.0",
      "resolved": "https://registry.npmjs.org/zone.js/-/zone.js-0.15.0.tgz",
      "integrity": "sha512-9oxn0IIjbCZkJ67L+LkhYWRyAy7axphb3VgE2MBDlOqnmHMPWGYMxJxBYFueFq/JGY2GMwS0rU+UCLunEmy5UA==",
      "license": "MIT",
      "peer": true
    }
  }
}
