{
  "name": "common",
  "version": "0.0.1",
  "lockfileVersion": 1,
  "requires": true,
  "dependencies": {
    "@yunzhi/utils": {
      "version": "0.0.3",
      "resolved": "https://registry.npmjs.org/@yunzhi/utils/-/utils-0.0.3.tgz",
      "integrity": "sha512-3HU3c+84eYbPX+BpOKcNVLrY35hZ+9eE4hUGJAsj0Hx4B/FrtLfOBl6qyk40Bkrxt7jBveaHIohy9A/8i6S31A==",
      "requires": {
        "sweetalert2": "^11.0.19"
      }
    },
    "sweetalert2": {
      "version": "11.1.4",
      "resolved": "https://registry.npmjs.org/sweetalert2/-/sweetalert2-11.1.4.tgz",
      "integrity": "sha512-CTNLviF6w1wyh1ou2UY8RpZasV2RiXbO6489v+a1Swz4jrUyuFDDjMZ9tMMVFnxTMdiUGfYiJoFUniZbHSEnHw=="
    },
    "tslib": {
      "version": "2.3.1",
      "resolved": "https://registry.npmjs.org/tslib/-/tslib-2.3.1.tgz",
      "integrity": "sha512-77EbyPPpMz+FRFRuAFlWMtmgUWGe9UOG2Z25NqCwiIjRhOf5iKGuzSe5P2w1laq+FkRy4p+PCuVkJSGkzTEKVw=="
    }
  }
}
