{
  "name": "@yunzhi/ng-theme",
  "version": "0.0.1",
  "lockfileVersion": 1,
  "requires": true,
  "dependencies": {
    "@yunzhi/ng-mock-api": {
      "version": "0.0.9",
      "resolved": "https://registry.npmjs.org/@yunzhi/ng-mock-api/-/ng-mock-api-0.0.9.tgz",
      "integrity": "sha512-hfWrlzHKdCt+pXMhmSTAxZ8tZmgdNcEHJpSdvF9S3SuoySNyFRRvpSFGINPlaGRoRQcFLr4uvQln59ccEqpFEQ==",
      "dev": true,
      "requires": {
        "tslib": "^2.2.0"
      }
    },
    "@yunzhi/ng-router-testing": {
      "version": "0.0.2",
      "resolved": "https://registry.npmjs.org/@yunzhi/ng-router-testing/-/ng-router-testing-0.0.2.tgz",
      "integrity": "sha512-VPasoD4+4mr/OATy7Ed7T6jGVJ36FdymYiEsFSxAyoIqAkOug9FUqjTiPmh6+DAL9z30CV5xsB8MkVK0odI+AA==",
      "dev": true,
      "requires": {
        "tslib": "^2.2.0"
      }
    },
    "tslib": {
      "version": "2.3.1",
      "resolved": "https://registry.npmjs.org/tslib/-/tslib-2.3.1.tgz",
      "integrity": "sha512-77EbyPPpMz+FRFRuAFlWMtmgUWGe9UOG2Z25NqCwiIjRhOf5iKGuzSe5P2w1laq+FkRy4p+PCuVkJSGkzTEKVw=="
    }
  }
}
